{
  "version": 4,
  "terraform_version": "1.15.6",
  "serial": 18,
  "lineage": "b7bafb37-df05-6f03-6128-3478c81fbf18",
  "outputs": {
    "backend_public_ip": {
      "value": "54.236.31.43",
      "type": "string"
    },
    "frontend_s3_website_url": {
      "value": "lms-frontend-vue-2053ba7498718f8e.s3-website-us-east-1.amazonaws.com",
      "type": "string"
    }
  },
  "resources": [
    {
      "mode": "data",
      "type": "aws_ami",
      "name": "ubuntu",
      "provider": "provider[\"registry.terraform.io/hashicorp/aws\"]",
      "instances": [
        {
          "schema_version": 0,
          "attributes": {
            "architecture": "x86_64",
            "arn": "arn:aws:ec2:us-east-1::image/ami-0d7405d05f836d0d4",
            "block_device_mappings": [
              {
                "device_name": "/dev/sda1",
                "ebs": {
                  "delete_on_termination": "true",
                  "encrypted": "false",
                  "iops": "0",
                  "snapshot_id": "snap-0c02cbfa787a65f62",
                  "throughput": "0",
                  "volume_initialization_rate": "0",
                  "volume_size": "8",
                  "volume_type": "gp2"
                },
                "no_device": "",
                "virtual_name": ""
              },
              {
                "device_name": "/dev/sdb",
                "ebs": {},
                "no_device": "",
                "virtual_name": "ephemeral0"
              },
              {
                "device_name": "/dev/sdc",
                "ebs": {},
                "no_device": "",
                "virtual_name": "ephemeral1"
              }
            ],
            "boot_mode": "uefi-preferred",
            "creation_date": "2026-06-10T06:57:45.000Z",
            "deprecation_time": "2028-06-10T06:57:45.000Z",
            "description": "Canonical, Ubuntu, 22.04, amd64 jammy image",
            "ena_support": true,
            "executable_users": null,
            "filter": [
              {
                "name": "name",
                "values": [
                  "ubuntu/images/hvm-ssd/ubuntu-jammy-22.04-amd64-server-*"
                ]
              },
              {
                "name": "virtualization-type",
                "values": [
                  "hvm"
                ]
              }
            ],
            "hypervisor": "xen",
            "id": "ami-0d7405d05f836d0d4",
            "image_id": "ami-0d7405d05f836d0d4",
            "image_location": "amazon/ubuntu/images/hvm-ssd/ubuntu-jammy-22.04-amd64-server-20260610",
            "image_owner_alias": "amazon",
            "image_type": "machine",
            "imds_support": "",
            "include_deprecated": false,
            "kernel_id": "",
            "last_launched_time": "",
            "most_recent": true,
            "name": "ubuntu/images/hvm-ssd/ubuntu-jammy-22.04-amd64-server-20260610",
            "name_regex": null,
            "owner_id": "099720109477",
            "owners": [
              "099720109477"
            ],
            "platform": "",
            "platform_details": "Linux/UNIX",
            "product_codes": [],
            "public": true,
            "ramdisk_id": "",
            "root_device_name": "/dev/sda1",
            "root_device_type": "ebs",
            "root_snapshot_id": "snap-0c02cbfa787a65f62",
            "sriov_net_support": "simple",
            "state": "available",
            "state_reason": {
              "code": "UNSET",
              "message": "UNSET"
            },
            "tags": {},
            "timeouts": null,
            "tpm_support": "",
            "uefi_data": null,
            "usage_operation": "RunInstances",
            "virtualization_type": "hvm"
          },
          "sensitive_attributes": [],
          "identity_schema_version": 0
        }
      ]
    },
    {
      "mode": "managed",
      "type": "aws_instance",
      "name": "lms_backend_server",
      "provider": "provider[\"registry.terraform.io/hashicorp/aws\"]",
      "instances": [
        {
          "schema_version": 1,
          "attributes": {
            "ami": "ami-0d7405d05f836d0d4",
            "arn": "arn:aws:ec2:us-east-1:291956028933:instance/i-0aac43ce5ed3a892d",
            "associate_public_ip_address": true,
            "availability_zone": "us-east-1a",
            "capacity_reservation_specification": [
              {
                "capacity_reservation_preference": "open",
                "capacity_reservation_target": []
              }
            ],
            "cpu_core_count": 1,
            "cpu_options": [
              {
                "amd_sev_snp": "",
                "core_count": 1,
                "threads_per_core": 2
              }
            ],
            "cpu_threads_per_core": 2,
            "credit_specification": [
              {
                "cpu_credits": "unlimited"
              }
            ],
            "disable_api_stop": false,
            "disable_api_termination": false,
            "ebs_block_device": [],
            "ebs_optimized": false,
            "enable_primary_ipv6": null,
            "enclave_options": [
              {
                "enabled": false
              }
            ],
            "ephemeral_block_device": [],
            "get_password_data": false,
            "hibernation": false,
            "host_id": "",
            "host_resource_group_arn": null,
            "iam_instance_profile": "",
            "id": "i-0aac43ce5ed3a892d",
            "instance_initiated_shutdown_behavior": "stop",
            "instance_lifecycle": "",
            "instance_market_options": [],
            "instance_state": "running",
            "instance_type": "t3.micro",
            "ipv6_address_count": 0,
            "ipv6_addresses": [],
            "key_name": "lms-terraform-key",
            "launch_template": [],
            "maintenance_options": [
              {
                "auto_recovery": "default"
              }
            ],
            "metadata_options": [
              {
                "http_endpoint": "enabled",
                "http_protocol_ipv6": "disabled",
                "http_put_response_hop_limit": 1,
                "http_tokens": "optional",
                "instance_metadata_tags": "disabled"
              }
            ],
            "monitoring": false,
            "network_interface": [],
            "outpost_arn": "",
            "password_data": "",
            "placement_group": "",
            "placement_partition_number": 0,
            "primary_network_interface_id": "eni-0a07bf20dc45946d8",
            "private_dns": "ip-10-0-1-22.ec2.internal",
            "private_dns_name_options": [
              {
                "enable_resource_name_dns_a_record": false,
                "enable_resource_name_dns_aaaa_record": false,
                "hostname_type": "ip-name"
              }
            ],
            "private_ip": "10.0.1.22",
            "public_dns": "ec2-54-236-31-43.compute-1.amazonaws.com",
            "public_ip": "54.236.31.43",
            "root_block_device": [
              {
                "delete_on_termination": true,
                "device_name": "/dev/sda1",
                "encrypted": false,
                "iops": 100,
                "kms_key_id": "",
                "tags": {},
                "tags_all": {},
                "throughput": 0,
                "volume_id": "vol-03519edf012a9ae77",
                "volume_size": 8,
                "volume_type": "gp2"
              }
            ],
            "secondary_private_ips": [],
            "security_groups": [],
            "source_dest_check": true,
            "spot_instance_request_id": "",
            "subnet_id": "subnet-0752f09fb8b92ae81",
            "tags": {
              "Name": "lms-backend-server"
            },
            "tags_all": {
              "Name": "lms-backend-server"
            },
            "tenancy": "default",
            "timeouts": null,
            "user_data": null,
            "user_data_base64": null,
            "user_data_replace_on_change": false,
            "volume_tags": null,
            "vpc_security_group_ids": [
              "sg-0bb26892166688039"
            ]
          },
          "sensitive_attributes": [],
          "identity_schema_version": 0,
          "private": "eyJlMmJmYjczMC1lY2FhLTExZTYtOGY4OC0zNDM2M2JjN2M0YzAiOnsiY3JlYXRlIjo2MDAwMDAwMDAwMDAsImRlbGV0ZSI6MTIwMDAwMDAwMDAwMCwicmVhZCI6OTAwMDAwMDAwMDAwLCJ1cGRhdGUiOjYwMDAwMDAwMDAwMH0sInNjaGVtYV92ZXJzaW9uIjoiMSJ9",
          "dependencies": [
            "aws_key_pair.lms_key_pair",
            "aws_security_group.lms_backend_sg",
            "aws_subnet.lms_public_subnet",
            "aws_vpc.lms_vpc",
            "data.aws_ami.ubuntu",
            "tls_private_key.lms_ssh_key"
          ]
        }
      ]
    },
    {
      "mode": "managed",
      "type": "aws_internet_gateway",
      "name": "lms_igw",
      "provider": "provider[\"registry.terraform.io/hashicorp/aws\"]",
      "instances": [
        {
          "schema_version": 0,
          "attributes": {
            "arn": "arn:aws:ec2:us-east-1:291956028933:internet-gateway/igw-028d8277753817fc8",
            "id": "igw-028d8277753817fc8",
            "owner_id": "291956028933",
            "tags": {
              "Name": "lms-igw"
            },
            "tags_all": {
              "Name": "lms-igw"
            },
            "timeouts": null,
            "vpc_id": "vpc-019306e2a28de8e23"
          },
          "sensitive_attributes": [],
          "identity_schema_version": 0,
          "private": "eyJlMmJmYjczMC1lY2FhLTExZTYtOGY4OC0zNDM2M2JjN2M0YzAiOnsiY3JlYXRlIjoxMjAwMDAwMDAwMDAwLCJkZWxldGUiOjEyMDAwMDAwMDAwMDAsInVwZGF0ZSI6MTIwMDAwMDAwMDAwMH19",
          "dependencies": [
            "aws_vpc.lms_vpc"
          ]
        }
      ]
    },
    {
      "mode": "managed",
      "type": "aws_key_pair",
      "name": "lms_key_pair",
      "provider": "provider[\"registry.terraform.io/hashicorp/aws\"]",
      "instances": [
        {
          "schema_version": 1,
          "attributes": {
            "arn": "arn:aws:ec2:us-east-1:291956028933:key-pair/lms-terraform-key",
            "fingerprint": "08:80:cd:e8:ad:29:22:20:2d:63:57:55:3b:50:45:fe",
            "id": "lms-terraform-key",
            "key_name": "lms-terraform-key",
            "key_name_prefix": "",
            "key_pair_id": "key-0b4af19fc61a7bd15",
            "key_type": "rsa",
            "public_key": "ssh-rsa AAAAB3NzaC1yc2EAAAADAQABAAACAQC8h2IvZ3ITPezjIWDaCuGxD0PJeN4EMxgHBPR0abUNUybwXGJ/dCjw8tUZ6DziwHwk2rgd8gwiBlaDM6aTHthf5IT0Gt9u2ljwURadcBEDmYfF8PLgL6pnNUtZGIbsiQL3BAsFhyBps1LUshH3HZiEeKC5t0Azs0te4k3XEyn68NP1KdMh+EaDYlIwqlU5HIy8Ev3HkLnHIii0jfjwo/dYXu53tnEm8XRUsRV/b/3d/Z9Ip6yZyMpkeJrYlqYChBK3YSqsnXF5gaztXEgRLBH3hk6LcBFmAnSewBylTBEtxVbD8/dbH4cnGJ3f9zsqzZyoYDTrPdUf53c8kDvB9dIpNUm7BZcJT2ZRHVmqY46RkQ8OuvQb0u2gK7TpG2d18a8apH9fiZsljYKwmylh6DVdA/9IYGAOvQWP844AOwxM0I23qk6Wt5UDPwe5wMAbKgIcHbYvoFosHQvjmmZCPCokO/CwYLcdPYZU/vE9pvSr8646Sw4XLdzuzMWEiE8kwTnOe+3+CgrHHWF6E/3Mu3De9VsdsWuV4nMauaKk6JJIPcrTr0of/8RSJoWLdP7/e06JGQHkLOmvhNe/tiR15PUxcyNtSxdryzabCggCc7rlTXickNc3Q4+U4CYsfQxV9vobWCN7FRg0L/nfxbASXips/iXD6zP4hsL53DwYJbeNtw==",
            "tags": {},
            "tags_all": {}
          },
          "sensitive_attributes": [],
          "identity_schema_version": 0,
          "private": "eyJzY2hlbWFfdmVyc2lvbiI6IjEifQ==",
          "dependencies": [
            "tls_private_key.lms_ssh_key"
          ]
        }
      ]
    },
    {
      "mode": "managed",
      "type": "aws_route_table",
      "name": "lms_public_rt",
      "provider": "provider[\"registry.terraform.io/hashicorp/aws\"]",
      "instances": [
        {
          "schema_version": 0,
          "attributes": {
            "arn": "arn:aws:ec2:us-east-1:291956028933:route-table/rtb-0a9c4e3b5444cecc2",
            "id": "rtb-0a9c4e3b5444cecc2",
            "owner_id": "291956028933",
            "propagating_vgws": [],
            "route": [
              {
                "carrier_gateway_id": "",
                "cidr_block": "0.0.0.0/0",
                "core_network_arn": "",
                "destination_prefix_list_id": "",
                "egress_only_gateway_id": "",
                "gateway_id": "igw-028d8277753817fc8",
                "ipv6_cidr_block": "",
                "local_gateway_id": "",
                "nat_gateway_id": "",
                "network_interface_id": "",
                "transit_gateway_id": "",
                "vpc_endpoint_id": "",
                "vpc_peering_connection_id": ""
              }
            ],
            "tags": {
              "Name": "lms-public-rt"
            },
            "tags_all": {
              "Name": "lms-public-rt"
            },
            "timeouts": null,
            "vpc_id": "vpc-019306e2a28de8e23"
          },
          "sensitive_attributes": [],
          "identity_schema_version": 0,
          "private": "eyJlMmJmYjczMC1lY2FhLTExZTYtOGY4OC0zNDM2M2JjN2M0YzAiOnsiY3JlYXRlIjozMDAwMDAwMDAwMDAsImRlbGV0ZSI6MzAwMDAwMDAwMDAwLCJ1cGRhdGUiOjEyMDAwMDAwMDAwMH19",
          "dependencies": [
            "aws_internet_gateway.lms_igw",
            "aws_vpc.lms_vpc"
          ]
        }
      ]
    },
    {
      "mode": "managed",
      "type": "aws_route_table_association",
      "name": "lms_public_rta",
      "provider": "provider[\"registry.terraform.io/hashicorp/aws\"]",
      "instances": [
        {
          "schema_version": 0,
          "attributes": {
            "gateway_id": "",
            "id": "rtbassoc-02c5f9f6c91feefdf",
            "route_table_id": "rtb-0a9c4e3b5444cecc2",
            "subnet_id": "subnet-0752f09fb8b92ae81",
            "timeouts": null
          },
          "sensitive_attributes": [],
          "identity_schema_version": 0,
          "private": "eyJlMmJmYjczMC1lY2FhLTExZTYtOGY4OC0zNDM2M2JjN2M0YzAiOnsiY3JlYXRlIjozMDAwMDAwMDAwMDAsImRlbGV0ZSI6MzAwMDAwMDAwMDAwLCJ1cGRhdGUiOjEyMDAwMDAwMDAwMH19",
          "dependencies": [
            "aws_internet_gateway.lms_igw",
            "aws_route_table.lms_public_rt",
            "aws_subnet.lms_public_subnet",
            "aws_vpc.lms_vpc"
          ]
        }
      ]
    },
    {
      "mode": "managed",
      "type": "aws_s3_bucket",
      "name": "lms_frontend_bucket",
      "provider": "provider[\"registry.terraform.io/hashicorp/aws\"]",
      "instances": [
        {
          "schema_version": 0,
          "attributes": {
            "acceleration_status": "",
            "acl": null,
            "arn": "arn:aws:s3:::lms-frontend-vue-2053ba7498718f8e",
            "bucket": "lms-frontend-vue-2053ba7498718f8e",
            "bucket_domain_name": "lms-frontend-vue-2053ba7498718f8e.s3.amazonaws.com",
            "bucket_prefix": "",
            "bucket_regional_domain_name": "lms-frontend-vue-2053ba7498718f8e.s3.us-east-1.amazonaws.com",
            "cors_rule": [],
            "force_destroy": false,
            "grant": [
              {
                "id": "593b3707ae7d388ad537509d59767ed44469504cc2e37c004ad3a3b7c8481a2c",
                "permissions": [
                  "FULL_CONTROL"
                ],
                "type": "CanonicalUser",
                "uri": ""
              }
            ],
            "hosted_zone_id": "Z3AQBSTGFYJSTF",
            "id": "lms-frontend-vue-2053ba7498718f8e",
            "lifecycle_rule": [],
            "logging": [],
            "object_lock_configuration": [],
            "object_lock_enabled": false,
            "policy": "{\"Statement\":[{\"Action\":\"s3:GetObject\",\"Effect\":\"Allow\",\"Principal\":\"*\",\"Resource\":\"arn:aws:s3:::lms-frontend-vue-2053ba7498718f8e/*\",\"Sid\":\"PublicReadGetObject\"}],\"Version\":\"2012-10-17\"}",
            "region": "us-east-1",
            "replication_configuration": [],
            "request_payer": "BucketOwner",
            "server_side_encryption_configuration": [
              {
                "rule": [
                  {
                    "apply_server_side_encryption_by_default": [
                      {
                        "kms_master_key_id": "",
                        "sse_algorithm": "AES256"
                      }
                    ],
                    "bucket_key_enabled": false
                  }
                ]
              }
            ],
            "tags": {
              "Name": "lms-frontend-bucket"
            },
            "tags_all": {
              "Name": "lms-frontend-bucket"
            },
            "timeouts": null,
            "versioning": [
              {
                "enabled": false,
                "mfa_delete": false
              }
            ],
            "website": [
              {
                "error_document": "index.html",
                "index_document": "index.html",
                "redirect_all_requests_to": "",
                "routing_rules": ""
              }
            ],
            "website_domain": "s3-website-us-east-1.amazonaws.com",
            "website_endpoint": "lms-frontend-vue-2053ba7498718f8e.s3-website-us-east-1.amazonaws.com"
          },
          "sensitive_attributes": [],
          "identity_schema_version": 0,
          "private": "eyJlMmJmYjczMC1lY2FhLTExZTYtOGY4OC0zNDM2M2JjN2M0YzAiOnsiY3JlYXRlIjoxMjAwMDAwMDAwMDAwLCJkZWxldGUiOjM2MDAwMDAwMDAwMDAsInJlYWQiOjEyMDAwMDAwMDAwMDAsInVwZGF0ZSI6MTIwMDAwMDAwMDAwMH19",
          "dependencies": [
            "random_id.bucket_id"
          ]
        }
      ]
    },
    {
      "mode": "managed",
      "type": "aws_s3_bucket_policy",
      "name": "lms_frontend_policy",
      "provider": "provider[\"registry.terraform.io/hashicorp/aws\"]",
      "instances": [
        {
          "schema_version": 0,
          "attributes": {
            "bucket": "lms-frontend-vue-2053ba7498718f8e",
            "id": "lms-frontend-vue-2053ba7498718f8e",
            "policy": "{\"Statement\":[{\"Action\":\"s3:GetObject\",\"Effect\":\"Allow\",\"Principal\":\"*\",\"Resource\":\"arn:aws:s3:::lms-frontend-vue-2053ba7498718f8e/*\",\"Sid\":\"PublicReadGetObject\"}],\"Version\":\"2012-10-17\"}"
          },
          "sensitive_attributes": [],
          "identity_schema_version": 0,
          "private": "bnVsbA==",
          "dependencies": [
            "aws_s3_bucket.lms_frontend_bucket",
            "aws_s3_bucket_public_access_block.lms_frontend_public_access",
            "random_id.bucket_id"
          ]
        }
      ]
    },
    {
      "mode": "managed",
      "type": "aws_s3_bucket_public_access_block",
      "name": "lms_frontend_public_access",
      "provider": "provider[\"registry.terraform.io/hashicorp/aws\"]",
      "instances": [
        {
          "schema_version": 0,
          "attributes": {
            "block_public_acls": false,
            "block_public_policy": false,
            "bucket": "lms-frontend-vue-2053ba7498718f8e",
            "id": "lms-frontend-vue-2053ba7498718f8e",
            "ignore_public_acls": false,
            "restrict_public_buckets": false
          },
          "sensitive_attributes": [],
          "identity_schema_version": 0,
          "private": "bnVsbA==",
          "dependencies": [
            "aws_s3_bucket.lms_frontend_bucket",
            "random_id.bucket_id"
          ]
        }
      ]
    },
    {
      "mode": "managed",
      "type": "aws_s3_bucket_website_configuration",
      "name": "lms_frontend_website",
      "provider": "provider[\"registry.terraform.io/hashicorp/aws\"]",
      "instances": [
        {
          "schema_version": 0,
          "attributes": {
            "bucket": "lms-frontend-vue-2053ba7498718f8e",
            "error_document": [
              {
                "key": "index.html"
              }
            ],
            "expected_bucket_owner": "",
            "id": "lms-frontend-vue-2053ba7498718f8e",
            "index_document": [
              {
                "suffix": "index.html"
              }
            ],
            "redirect_all_requests_to": [],
            "routing_rule": [],
            "routing_rules": "",
            "website_domain": "s3-website-us-east-1.amazonaws.com",
            "website_endpoint": "lms-frontend-vue-2053ba7498718f8e.s3-website-us-east-1.amazonaws.com"
          },
          "sensitive_attributes": [],
          "identity_schema_version": 0,
          "private": "bnVsbA==",
          "dependencies": [
            "aws_s3_bucket.lms_frontend_bucket",
            "random_id.bucket_id"
          ]
        }
      ]
    },
    {
      "mode": "managed",
      "type": "aws_security_group",
      "name": "lms_backend_sg",
      "provider": "provider[\"registry.terraform.io/hashicorp/aws\"]",
      "instances": [
        {
          "schema_version": 1,
          "attributes": {
            "arn": "arn:aws:ec2:us-east-1:291956028933:security-group/sg-0bb26892166688039",
            "description": "Allow HTTP, HTTPS, and SSH traffic",
            "egress": [
              {
                "cidr_blocks": [
                  "0.0.0.0/0"
                ],
                "description": "",
                "from_port": 0,
                "ipv6_cidr_blocks": [],
                "prefix_list_ids": [],
                "protocol": "-1",
                "security_groups": [],
                "self": false,
                "to_port": 0
              }
            ],
            "id": "sg-0bb26892166688039",
            "ingress": [
              {
                "cidr_blocks": [
                  "0.0.0.0/0"
                ],
                "description": "Backend API",
                "from_port": 5000,
                "ipv6_cidr_blocks": [],
                "prefix_list_ids": [],
                "protocol": "tcp",
                "security_groups": [],
                "self": false,
                "to_port": 5000
              },
              {
                "cidr_blocks": [
                  "0.0.0.0/0"
                ],
                "description": "HTTP",
                "from_port": 80,
                "ipv6_cidr_blocks": [],
                "prefix_list_ids": [],
                "protocol": "tcp",
                "security_groups": [],
                "self": false,
                "to_port": 80
              },
              {
                "cidr_blocks": [
                  "0.0.0.0/0"
                ],
                "description": "SSH",
                "from_port": 22,
                "ipv6_cidr_blocks": [],
                "prefix_list_ids": [],
                "protocol": "tcp",
                "security_groups": [],
                "self": false,
                "to_port": 22
              }
            ],
            "name": "lms-backend-sg",
            "name_prefix": "",
            "owner_id": "291956028933",
            "revoke_rules_on_delete": false,
            "tags": {
              "Name": "lms-backend-sg"
            },
            "tags_all": {
              "Name": "lms-backend-sg"
            },
            "timeouts": null,
            "vpc_id": "vpc-019306e2a28de8e23"
          },
          "sensitive_attributes": [],
          "identity_schema_version": 0,
          "private": "eyJlMmJmYjczMC1lY2FhLTExZTYtOGY4OC0zNDM2M2JjN2M0YzAiOnsiY3JlYXRlIjo2MDAwMDAwMDAwMDAsImRlbGV0ZSI6OTAwMDAwMDAwMDAwfSwic2NoZW1hX3ZlcnNpb24iOiIxIn0=",
          "dependencies": [
            "aws_vpc.lms_vpc"
          ]
        }
      ]
    },
    {
      "mode": "managed",
      "type": "aws_subnet",
      "name": "lms_public_subnet",
      "provider": "provider[\"registry.terraform.io/hashicorp/aws\"]",
      "instances": [
        {
          "schema_version": 1,
          "attributes": {
            "arn": "arn:aws:ec2:us-east-1:291956028933:subnet/subnet-0752f09fb8b92ae81",
            "assign_ipv6_address_on_creation": false,
            "availability_zone": "us-east-1a",
            "availability_zone_id": "use1-az1",
            "cidr_block": "10.0.1.0/24",
            "customer_owned_ipv4_pool": "",
            "enable_dns64": false,
            "enable_lni_at_device_index": 0,
            "enable_resource_name_dns_a_record_on_launch": false,
            "enable_resource_name_dns_aaaa_record_on_launch": false,
            "id": "subnet-0752f09fb8b92ae81",
            "ipv6_cidr_block": "",
            "ipv6_cidr_block_association_id": "",
            "ipv6_native": false,
            "map_customer_owned_ip_on_launch": false,
            "map_public_ip_on_launch": true,
            "outpost_arn": "",
            "owner_id": "291956028933",
            "private_dns_hostname_type_on_launch": "ip-name",
            "tags": {
              "Name": "lms-public-subnet"
            },
            "tags_all": {
              "Name": "lms-public-subnet"
            },
            "timeouts": null,
            "vpc_id": "vpc-019306e2a28de8e23"
          },
          "sensitive_attributes": [],
          "identity_schema_version": 0,
          "private": "eyJlMmJmYjczMC1lY2FhLTExZTYtOGY4OC0zNDM2M2JjN2M0YzAiOnsiY3JlYXRlIjo2MDAwMDAwMDAwMDAsImRlbGV0ZSI6MTIwMDAwMDAwMDAwMH0sInNjaGVtYV92ZXJzaW9uIjoiMSJ9",
          "dependencies": [
            "aws_vpc.lms_vpc"
          ]
        }
      ]
    },
    {
      "mode": "managed",
      "type": "aws_vpc",
      "name": "lms_vpc",
      "provider": "provider[\"registry.terraform.io/hashicorp/aws\"]",
      "instances": [
        {
          "schema_version": 1,
          "attributes": {
            "arn": "arn:aws:ec2:us-east-1:291956028933:vpc/vpc-019306e2a28de8e23",
            "assign_generated_ipv6_cidr_block": false,
            "cidr_block": "10.0.0.0/16",
            "default_network_acl_id": "acl-05a3b6147cd362efe",
            "default_route_table_id": "rtb-0d8175a47a400f91a",
            "default_security_group_id": "sg-085a1f02426610128",
            "dhcp_options_id": "dopt-09318028808b59b62",
            "enable_dns_hostnames": true,
            "enable_dns_support": true,
            "enable_network_address_usage_metrics": false,
            "id": "vpc-019306e2a28de8e23",
            "instance_tenancy": "default",
            "ipv4_ipam_pool_id": null,
            "ipv4_netmask_length": null,
            "ipv6_association_id": "",
            "ipv6_cidr_block": "",
            "ipv6_cidr_block_network_border_group": "",
            "ipv6_ipam_pool_id": "",
            "ipv6_netmask_length": 0,
            "main_route_table_id": "rtb-0d8175a47a400f91a",
            "owner_id": "291956028933",
            "tags": {
              "Name": "lms-vpc"
            },
            "tags_all": {
              "Name": "lms-vpc"
            }
          },
          "sensitive_attributes": [],
          "identity_schema_version": 0,
          "private": "eyJzY2hlbWFfdmVyc2lvbiI6IjEifQ=="
        }
      ]
    },
    {
      "mode": "managed",
      "type": "local_file",
      "name": "private_key",
      "provider": "provider[\"registry.terraform.io/hashicorp/local\"]",
      "instances": [
        {
          "schema_version": 0,
          "attributes": {
            "content": "-----BEGIN RSA PRIVATE KEY-----\nMIIJKAIBAAKCAgEAvIdiL2dyEz3s4yFg2grhsQ9DyXjeBDMYBwT0dGm1DVMm8Fxi\nf3Qo8PLVGeg84sB8JNq4HfIMIgZWgzOmkx7YX+SE9BrfbtpY8FEWnXARA5mHxfDy\n4C+qZzVLWRiG7IkC9wQLBYcgabNS1LIR9x2YhHigubdAM7NLXuJN1xMp+vDT9SnT\nIfhGg2JSMKpVORyMvBL9x5C5xyIotI348KP3WF7ud7ZxJvF0VLEVf2/93f2fSKes\nmcjKZHia2JamAoQSt2EqrJ1xeYGs7VxIESwR94ZOi3ARZgJ0nsAcpUwRLcVWw/P3\nWx+HJxid3/c7Ks2cqGA06z3VH+d3PJA7wfXSKTVJuwWXCU9mUR1ZqmOOkZEPDrr0\nG9LtoCu06RtndfGvGqR/X4mbJY2CsJspYeg1XQP/SGBgDr0Fj/OOADsMTNCNt6pO\nlreVAz8HucDAGyoCHB22L6BaLB0L45pmQjwqJDvwsGC3HT2GVP7xPab0q/OuOksO\nFy3c7szFhIhPJME5znvt/goKxx1hehP9zLtw3vVbHbFrleJzGrmipOiSSD3K069K\nH//EUiaFi3T+/3tOiRkB5Czpr4TXv7YkdeT1MXMjbUsXa8s2mwoIAnO65U14nJDX\nN0OPlOAmLH0MVfb6G1gjexUYNC/538WwEl4qbP4lw+sz+IbC+dw8GCW3jbcCAwEA\nAQKCAgAMgaCiS2b2Xs/Fm3O80yb4o24YQePcfHU2Ff6PcGm5yg/VtxMzqEWFAl7f\nmpfbZPB3U2kOV321jh0UFAuTS+MHrXWiadvzkxl+S6rH4+TFC9zFZT//XjocIZ1v\neiCNNWOUdliy061zRZmTkYJ+laCF/SiQWVcxds3jq/iE8XkB9BLjexRN9xXaZl3U\na6A+qyWs3kemgvPIAXyYyag/cmkYnCeOmnQ0JKVWbu7hptC89rOn0rOw+fBvLM78\n2jWGCjPhpVj63XDnIhKSJmKDfRxuAqNYPaVx0mzhERZ1Yq/rDOG+GwOIMHW7QrdK\nYbCznLMtOkCYcGAgfy7aPikwqzl3NCsdZjvbvV5oiizedFoeJ5YQu1zc1Tu+HO6y\ny4DcIONhgJGcrIWuJt7yyCP+b9CnaHld4PiEXrGzS5y1JfYA/Fti7e00LWZ42GRL\nuHGyn0xMlgQW8nBRrGwKp2APWn0kgtbzEmLYy6kez6yxo3pb5aSWqDUCipJClWjh\nqFl88QgOTT9fxo/fIdjIpzIPhuLCpnq+4cYaw4R2LHq71L3As3I/STu4K50bq2hN\nD2TVr/QLn6fc/2RAPMbWNcZRhlr47hydhWSb3+r2Wqi2YExisX2yTEYgGLEnXfpG\nC/DZ93tjoABRSO9BnOuA5yGJEDYTNfNHCt9v+FN1xGeKYAr6SQKCAQEA0X4bAZU+\nfIBkmyn9INCE36t914MkmhdLatCDmsMWssvHAFEMBEq6MzK6fj3Qz85kT9iFvHfD\nLpeHU9y9HjSCU0UozJvbi1HE0rnQjxas6KRFeuXazebVGJrKZ+37AgVRtLVQI3mt\n+6es6erItSNPX+MLRm3XmOZFPdtGYUjedbRjvcUM8lkm5UxATDoAezLgwkJu+YQ5\n6c0M48BY8muba+Vpv1DCXv7ePVlqgCKwErnasMLgCS83y2d7jUQz9Ayyd2OjdATs\n3SsPXDfTl0CHzeQpbLiZ+eYwdJ3F+jfEt5mx0B8UQxd/4xf+2I6kG+RITKh40e5N\nO+dgMrCK/dBtCQKCAQEA5mHdWkl0x8KgxzvMohJuORM6mPny42vCYs5UtWS10hGs\n2qv4p3nGgLqA9QoI77UvsbiRGT2gx3SKgSGZKY2R/3wBlXf1WDYKDas057y9qUXS\nBkJc+dQcHmWrnj7Dnhmxdze69djwCX4tFawysIPgiYTquWQr8Gw3SHY8jIhc0TBe\nRVkjJefgXFxUId/2AM6Fy9lFqtyUyZ29djPGRBRlFkOV9GPdJuxMwHSeC4IBk2fO\ni9exxlK0qwl0cDZ55oPnliu+xPUn1pbZooDkowVVO3yOHKVR9LTIbXAyj/eyhu3+\nVrRy/przAHkTJZMvF0AzWqK2/t0Zgi8QO+nlrwWUvwKCAQA3TOasIE2CaBIms4rS\nYrjwokBx53h+BLAv3iMfc2hGgmxhtQNLDr7gTP/V21OHx5/LRAjpm2O2pOFgTeDO\nXGYavSLsACiQOmGOjuZzHzU9pD+DFbIQsGKIQDQ2AyhDfEv5O/OPqcs3pyeKCCQ7\nTLrjQPf0+4HyJrcYgQ2vGKFAyQGbUqz8PHR8CwjeFmGSI/gYz5ij3Te8dBh29ouE\nUsuQS9sCWbs1gGoCH9xxPrbj+pO0HX0ub3x3ATYoMFzWi5OA2JiJQ9OS/o7rdQEx\n6CLxQs18ma5rvUwFPLDKQHZ5UOUTX2Dl5QopVGg9mknP4w8CzWY3ZISWz5khSGEo\nZyChAoIBADopILmna7z2jKJfnWSZJIxyJ0vxZfk1/if1kPsORryWy72Uxrx5CLz8\n2IuEEgd6BWVng/IMVeekq0a4VbNg0yfdhYTXeO/hDJ6wxzVtt6/hOYls/Y3wl3yx\nDCdyDu597Ah94EwqjUbIPNeI1m8ri+cL0DonaNRUbYx0lQqhblU9Ub9OJopuRHzs\nriyzHqbLfIme+3CMKV/Q28DYh0guoeqB+3xsLaui4imAB1o+Yul0vncdZ/r6bDP1\nuhiOGC4yxKdruch9X6ZUBPN6eL4THZZb9oCS1+LgNO0z8v/Xd5GKybfX7GQMeCZ5\nanUE+FF1WsGZ7HrhFIyCFyYZAWwzC38CggEBAM3GQjHti9r/a9USXV0pHFumys9t\n5TTNHv+r1RqQLatzJ4HN2rHSPIabiUqAmLw4oiI+3YRxMUhQ8SkqW/lWu7lUQJl9\n/dZFgBDKnod571/Ww4i2VgTDssSAGKoVrOseWl9n/QetO131HxqrpYGczvoXQPIh\nbsYTNnkph7Q6Ehk3f3EPam2k4r+8MdDl2DdnnmYKjqm162j3o83P6y4PivR8aRrd\nOo6a9JwXhMnVyZiVfoVDufA2U8pCkhR1LWxQPDF3OyRNVE9FbGbmaKXvvdhgSD8D\nodC6F8q0FOrVayY5zsFLw8U+ThE+gBbLQcirczsJHcNyxe6R1SQYUSAgBXM=\n-----END RSA PRIVATE KEY-----\n",
            "content_base64": null,
            "content_base64sha256": "yimwTQCjhfPXSoxv+kNET95ziAOWAw44pey1BxdYBZE=",
            "content_base64sha512": "uE6vr/7dB1oN7qs3jl40YPR8vrzT5+ZZS0sHY34BuToYOsaYTvS9RU23cEtzaC3kZGV1dL4ffW/ifIZbXpfiag==",
            "content_md5": "605b0a07e48ac0dac7b453a4b0a97986",
            "content_sha1": "0b13c7190acc13feaa676ffe6ff381cac4849404",
            "content_sha256": "ca29b04d00a385f3d74a8c6ffa43444fde73880396030e38a5ecb50717580591",
            "content_sha512": "b84eafaffedd075a0deeab378e5e3460f47cbebcd3e7e6594b4b07637e01b93a183ac6984ef4bd454db7704b73682de464657574be1f7d6fe27c865b5e97e26a",
            "directory_permission": "0777",
            "file_permission": "0400",
            "filename": "./lms-terraform-key.pem",
            "id": "0b13c7190acc13feaa676ffe6ff381cac4849404",
            "sensitive_content": null,
            "source": null
          },
          "sensitive_attributes": [
            [
              {
                "type": "get_attr",
                "value": "content"
              }
            ],
            [
              {
                "type": "get_attr",
                "value": "sensitive_content"
              }
            ]
          ],
          "identity_schema_version": 0,
          "dependencies": [
            "tls_private_key.lms_ssh_key"
          ]
        }
      ]
    },
    {
      "mode": "managed",
      "type": "random_id",
      "name": "bucket_id",
      "provider": "provider[\"registry.terraform.io/hashicorp/random\"]",
      "instances": [
        {
          "schema_version": 0,
          "attributes": {
            "b64_std": "IFO6dJhxj44=",
            "b64_url": "IFO6dJhxj44",
            "byte_length": 8,
            "dec": "2329410442217230222",
            "hex": "2053ba7498718f8e",
            "id": "IFO6dJhxj44",
            "keepers": null,
            "prefix": null
          },
          "sensitive_attributes": [],
          "identity_schema_version": 0
        }
      ]
    },
    {
      "mode": "managed",
      "type": "tls_private_key",
      "name": "lms_ssh_key",
      "provider": "provider[\"registry.terraform.io/hashicorp/tls\"]",
      "instances": [
        {
          "schema_version": 1,
          "attributes": {
            "algorithm": "RSA",
            "ecdsa_curve": "P224",
            "id": "466c29ad7f2e783d1f1f8d7b50a4ea4f1784bac8",
            "private_key_openssh": "-----BEGIN OPENSSH PRIVATE KEY-----\nb3BlbnNzaC1rZXktdjEAAAAABG5vbmUAAAAEbm9uZQAAAAAAAAABAAACFwAAAAdz\nc2gtcnNhAAAAAwEAAQAAAgEAvIdiL2dyEz3s4yFg2grhsQ9DyXjeBDMYBwT0dGm1\nDVMm8Fxif3Qo8PLVGeg84sB8JNq4HfIMIgZWgzOmkx7YX+SE9BrfbtpY8FEWnXAR\nA5mHxfDy4C+qZzVLWRiG7IkC9wQLBYcgabNS1LIR9x2YhHigubdAM7NLXuJN1xMp\n+vDT9SnTIfhGg2JSMKpVORyMvBL9x5C5xyIotI348KP3WF7ud7ZxJvF0VLEVf2/9\n3f2fSKesmcjKZHia2JamAoQSt2EqrJ1xeYGs7VxIESwR94ZOi3ARZgJ0nsAcpUwR\nLcVWw/P3Wx+HJxid3/c7Ks2cqGA06z3VH+d3PJA7wfXSKTVJuwWXCU9mUR1ZqmOO\nkZEPDrr0G9LtoCu06RtndfGvGqR/X4mbJY2CsJspYeg1XQP/SGBgDr0Fj/OOADsM\nTNCNt6pOlreVAz8HucDAGyoCHB22L6BaLB0L45pmQjwqJDvwsGC3HT2GVP7xPab0\nq/OuOksOFy3c7szFhIhPJME5znvt/goKxx1hehP9zLtw3vVbHbFrleJzGrmipOiS\nSD3K069KH//EUiaFi3T+/3tOiRkB5Czpr4TXv7YkdeT1MXMjbUsXa8s2mwoIAnO6\n5U14nJDXN0OPlOAmLH0MVfb6G1gjexUYNC/538WwEl4qbP4lw+sz+IbC+dw8GCW3\njbcAAAc48DaK8/A2ivMAAAAHc3NoLXJzYQAAAgEAvIdiL2dyEz3s4yFg2grhsQ9D\nyXjeBDMYBwT0dGm1DVMm8Fxif3Qo8PLVGeg84sB8JNq4HfIMIgZWgzOmkx7YX+SE\n9BrfbtpY8FEWnXARA5mHxfDy4C+qZzVLWRiG7IkC9wQLBYcgabNS1LIR9x2YhHig\nubdAM7NLXuJN1xMp+vDT9SnTIfhGg2JSMKpVORyMvBL9x5C5xyIotI348KP3WF7u\nd7ZxJvF0VLEVf2/93f2fSKesmcjKZHia2JamAoQSt2EqrJ1xeYGs7VxIESwR94ZO\ni3ARZgJ0nsAcpUwRLcVWw/P3Wx+HJxid3/c7Ks2cqGA06z3VH+d3PJA7wfXSKTVJ\nuwWXCU9mUR1ZqmOOkZEPDrr0G9LtoCu06RtndfGvGqR/X4mbJY2CsJspYeg1XQP/\nSGBgDr0Fj/OOADsMTNCNt6pOlreVAz8HucDAGyoCHB22L6BaLB0L45pmQjwqJDvw\nsGC3HT2GVP7xPab0q/OuOksOFy3c7szFhIhPJME5znvt/goKxx1hehP9zLtw3vVb\nHbFrleJzGrmipOiSSD3K069KH//EUiaFi3T+/3tOiRkB5Czpr4TXv7YkdeT1MXMj\nbUsXa8s2mwoIAnO65U14nJDXN0OPlOAmLH0MVfb6G1gjexUYNC/538WwEl4qbP4l\nw+sz+IbC+dw8GCW3jbcAAAADAQABAAACAAyBoKJLZvZez8Wbc7zTJvijbhhB49x8\ndTYV/o9wabnKD9W3EzOoRYUCXt+al9tk8HdTaQ5XfbWOHRQUC5NL4wetdaJp2/OT\nGX5Lqsfj5MUL3MVlP/9eOhwhnW96II01Y5R2WLLTrXNFmZORgn6VoIX9KJBZVzF2\nzeOr+ITxeQH0EuN7FE33FdpmXdRroD6rJazeR6aC88gBfJjJqD9yaRicJ46adDQk\npVZu7uGm0Lz2s6fSs7D58G8szvzaNYYKM+GlWPrdcOciEpImYoN9HG4Co1g9pXHS\nbOERFnVir+sM4b4bA4gwdbtCt0phsLOcsy06QJhwYCB/Lto+KTCrOXc0Kx1mO9u9\nXmiKLN50Wh4nlhC7XNzVO74c7rLLgNwg42GAkZysha4m3vLII/5v0KdoeV3g+IRe\nsbNLnLUl9gD8W2Lt7TQtZnjYZEu4cbKfTEyWBBbycFGsbAqnYA9afSSC1vMSYtjL\nqR7PrLGjelvlpJaoNQKKkkKVaOGoWXzxCA5NP1/Gj98h2MinMg+G4sKmer7hxhrD\nhHYservUvcCzcj9JO7grnRuraE0PZNWv9Aufp9z/ZEA8xtY1xlGGWvjuHJ2FZJvf\n6vZaqLZgTGKxfbJMRiAYsSdd+kYL8Nn3e2OgAFFI70Gc64DnIYkQNhM180cK32/4\nU3XEZ4pgCvpJAAABAQDNxkIx7Yva/2vVEl1dKRxbpsrPbeU0zR7/q9UakC2rcyeB\nzdqx0jyGm4lKgJi8OKIiPt2EcTFIUPEpKlv5Vru5VECZff3WRYAQyp6Hee9f1sOI\ntlYEw7LEgBiqFazrHlpfZ/0HrTtd9R8aq6WBnM76F0DyIW7GEzZ5KYe0OhIZN39x\nD2ptpOK/vDHQ5dg3Z55mCo6pteto96PNz+suD4r0fGka3TqOmvScF4TJ1cmYlX6F\nQ7nwNlPKQpIUdS1sUDwxdzskTVRPRWxm5mil773YYEg/A6HQuhfKtBTq1WsmOc7B\nS8PFPk4RPoAWy0HIq3M7CR3DcsXukdUkGFEgIAVzAAABAQDRfhsBlT58gGSbKf0g\n0ITfq33XgySaF0tq0IOawxayy8cAUQwESrozMrp+PdDPzmRP2IW8d8Mul4dT3L0e\nNIJTRSjMm9uLUcTSudCPFqzopEV65drN5tUYmspn7fsCBVG0tVAjea37p6zp6si1\nI09f4wtGbdeY5kU920ZhSN51tGO9xQzyWSblTEBMOgB7MuDCQm75hDnpzQzjwFjy\na5tr5Wm/UMJe/t49WWqAIrASudqwwuAJLzfLZ3uNRDP0DLJ3Y6N0BOzdKw9cN9OX\nQIfN5ClsuJn55jB0ncX6N8S3mbHQHxRDF3/jF/7YjqQb5EhMqHjR7k0752AysIr9\n0G0JAAABAQDmYd1aSXTHwqDHO8yiEm45EzqY+fLja8JizlS1ZLXSEazaq/inecaA\nuoD1CgjvtS+xuJEZPaDHdIqBIZkpjZH/fAGVd/VYNgoNqzTnvL2pRdIGQlz51Bwe\nZauePsOeGbF3N7r12PAJfi0VrDKwg+CJhOq5ZCvwbDdIdjyMiFzRMF5FWSMl5+Bc\nXFQh3/YAzoXL2UWq3JTJnb12M8ZEFGUWQ5X0Y90m7EzAdJ4LggGTZ86L17HGUrSr\nCXRwNnnmg+eWK77E9SfWltmigOSjBVU7fI4cpVH0tMhtcDKP97KG7f5WtHL+mvMA\neRMlky8XQDNaorb+3RmCLxA76eWvBZS/AAAAAAEC\n-----END OPENSSH PRIVATE KEY-----\n",
            "private_key_pem": "-----BEGIN RSA PRIVATE KEY-----\nMIIJKAIBAAKCAgEAvIdiL2dyEz3s4yFg2grhsQ9DyXjeBDMYBwT0dGm1DVMm8Fxi\nf3Qo8PLVGeg84sB8JNq4HfIMIgZWgzOmkx7YX+SE9BrfbtpY8FEWnXARA5mHxfDy\n4C+qZzVLWRiG7IkC9wQLBYcgabNS1LIR9x2YhHigubdAM7NLXuJN1xMp+vDT9SnT\nIfhGg2JSMKpVORyMvBL9x5C5xyIotI348KP3WF7ud7ZxJvF0VLEVf2/93f2fSKes\nmcjKZHia2JamAoQSt2EqrJ1xeYGs7VxIESwR94ZOi3ARZgJ0nsAcpUwRLcVWw/P3\nWx+HJxid3/c7Ks2cqGA06z3VH+d3PJA7wfXSKTVJuwWXCU9mUR1ZqmOOkZEPDrr0\nG9LtoCu06RtndfGvGqR/X4mbJY2CsJspYeg1XQP/SGBgDr0Fj/OOADsMTNCNt6pO\nlreVAz8HucDAGyoCHB22L6BaLB0L45pmQjwqJDvwsGC3HT2GVP7xPab0q/OuOksO\nFy3c7szFhIhPJME5znvt/goKxx1hehP9zLtw3vVbHbFrleJzGrmipOiSSD3K069K\nH//EUiaFi3T+/3tOiRkB5Czpr4TXv7YkdeT1MXMjbUsXa8s2mwoIAnO65U14nJDX\nN0OPlOAmLH0MVfb6G1gjexUYNC/538WwEl4qbP4lw+sz+IbC+dw8GCW3jbcCAwEA\nAQKCAgAMgaCiS2b2Xs/Fm3O80yb4o24YQePcfHU2Ff6PcGm5yg/VtxMzqEWFAl7f\nmpfbZPB3U2kOV321jh0UFAuTS+MHrXWiadvzkxl+S6rH4+TFC9zFZT//XjocIZ1v\neiCNNWOUdliy061zRZmTkYJ+laCF/SiQWVcxds3jq/iE8XkB9BLjexRN9xXaZl3U\na6A+qyWs3kemgvPIAXyYyag/cmkYnCeOmnQ0JKVWbu7hptC89rOn0rOw+fBvLM78\n2jWGCjPhpVj63XDnIhKSJmKDfRxuAqNYPaVx0mzhERZ1Yq/rDOG+GwOIMHW7QrdK\nYbCznLMtOkCYcGAgfy7aPikwqzl3NCsdZjvbvV5oiizedFoeJ5YQu1zc1Tu+HO6y\ny4DcIONhgJGcrIWuJt7yyCP+b9CnaHld4PiEXrGzS5y1JfYA/Fti7e00LWZ42GRL\nuHGyn0xMlgQW8nBRrGwKp2APWn0kgtbzEmLYy6kez6yxo3pb5aSWqDUCipJClWjh\nqFl88QgOTT9fxo/fIdjIpzIPhuLCpnq+4cYaw4R2LHq71L3As3I/STu4K50bq2hN\nD2TVr/QLn6fc/2RAPMbWNcZRhlr47hydhWSb3+r2Wqi2YExisX2yTEYgGLEnXfpG\nC/DZ93tjoABRSO9BnOuA5yGJEDYTNfNHCt9v+FN1xGeKYAr6SQKCAQEA0X4bAZU+\nfIBkmyn9INCE36t914MkmhdLatCDmsMWssvHAFEMBEq6MzK6fj3Qz85kT9iFvHfD\nLpeHU9y9HjSCU0UozJvbi1HE0rnQjxas6KRFeuXazebVGJrKZ+37AgVRtLVQI3mt\n+6es6erItSNPX+MLRm3XmOZFPdtGYUjedbRjvcUM8lkm5UxATDoAezLgwkJu+YQ5\n6c0M48BY8muba+Vpv1DCXv7ePVlqgCKwErnasMLgCS83y2d7jUQz9Ayyd2OjdATs\n3SsPXDfTl0CHzeQpbLiZ+eYwdJ3F+jfEt5mx0B8UQxd/4xf+2I6kG+RITKh40e5N\nO+dgMrCK/dBtCQKCAQEA5mHdWkl0x8KgxzvMohJuORM6mPny42vCYs5UtWS10hGs\n2qv4p3nGgLqA9QoI77UvsbiRGT2gx3SKgSGZKY2R/3wBlXf1WDYKDas057y9qUXS\nBkJc+dQcHmWrnj7Dnhmxdze69djwCX4tFawysIPgiYTquWQr8Gw3SHY8jIhc0TBe\nRVkjJefgXFxUId/2AM6Fy9lFqtyUyZ29djPGRBRlFkOV9GPdJuxMwHSeC4IBk2fO\ni9exxlK0qwl0cDZ55oPnliu+xPUn1pbZooDkowVVO3yOHKVR9LTIbXAyj/eyhu3+\nVrRy/przAHkTJZMvF0AzWqK2/t0Zgi8QO+nlrwWUvwKCAQA3TOasIE2CaBIms4rS\nYrjwokBx53h+BLAv3iMfc2hGgmxhtQNLDr7gTP/V21OHx5/LRAjpm2O2pOFgTeDO\nXGYavSLsACiQOmGOjuZzHzU9pD+DFbIQsGKIQDQ2AyhDfEv5O/OPqcs3pyeKCCQ7\nTLrjQPf0+4HyJrcYgQ2vGKFAyQGbUqz8PHR8CwjeFmGSI/gYz5ij3Te8dBh29ouE\nUsuQS9sCWbs1gGoCH9xxPrbj+pO0HX0ub3x3ATYoMFzWi5OA2JiJQ9OS/o7rdQEx\n6CLxQs18ma5rvUwFPLDKQHZ5UOUTX2Dl5QopVGg9mknP4w8CzWY3ZISWz5khSGEo\nZyChAoIBADopILmna7z2jKJfnWSZJIxyJ0vxZfk1/if1kPsORryWy72Uxrx5CLz8\n2IuEEgd6BWVng/IMVeekq0a4VbNg0yfdhYTXeO/hDJ6wxzVtt6/hOYls/Y3wl3yx\nDCdyDu597Ah94EwqjUbIPNeI1m8ri+cL0DonaNRUbYx0lQqhblU9Ub9OJopuRHzs\nriyzHqbLfIme+3CMKV/Q28DYh0guoeqB+3xsLaui4imAB1o+Yul0vncdZ/r6bDP1\nuhiOGC4yxKdruch9X6ZUBPN6eL4THZZb9oCS1+LgNO0z8v/Xd5GKybfX7GQMeCZ5\nanUE+FF1WsGZ7HrhFIyCFyYZAWwzC38CggEBAM3GQjHti9r/a9USXV0pHFumys9t\n5TTNHv+r1RqQLatzJ4HN2rHSPIabiUqAmLw4oiI+3YRxMUhQ8SkqW/lWu7lUQJl9\n/dZFgBDKnod571/Ww4i2VgTDssSAGKoVrOseWl9n/QetO131HxqrpYGczvoXQPIh\nbsYTNnkph7Q6Ehk3f3EPam2k4r+8MdDl2DdnnmYKjqm162j3o83P6y4PivR8aRrd\nOo6a9JwXhMnVyZiVfoVDufA2U8pCkhR1LWxQPDF3OyRNVE9FbGbmaKXvvdhgSD8D\nodC6F8q0FOrVayY5zsFLw8U+ThE+gBbLQcirczsJHcNyxe6R1SQYUSAgBXM=\n-----END RSA PRIVATE KEY-----\n",
            "private_key_pem_pkcs8": "-----BEGIN PRIVATE KEY-----\nMIIJQgIBADANBgkqhkiG9w0BAQEFAASCCSwwggkoAgEAAoICAQC8h2IvZ3ITPezj\nIWDaCuGxD0PJeN4EMxgHBPR0abUNUybwXGJ/dCjw8tUZ6DziwHwk2rgd8gwiBlaD\nM6aTHthf5IT0Gt9u2ljwURadcBEDmYfF8PLgL6pnNUtZGIbsiQL3BAsFhyBps1LU\nshH3HZiEeKC5t0Azs0te4k3XEyn68NP1KdMh+EaDYlIwqlU5HIy8Ev3HkLnHIii0\njfjwo/dYXu53tnEm8XRUsRV/b/3d/Z9Ip6yZyMpkeJrYlqYChBK3YSqsnXF5gazt\nXEgRLBH3hk6LcBFmAnSewBylTBEtxVbD8/dbH4cnGJ3f9zsqzZyoYDTrPdUf53c8\nkDvB9dIpNUm7BZcJT2ZRHVmqY46RkQ8OuvQb0u2gK7TpG2d18a8apH9fiZsljYKw\nmylh6DVdA/9IYGAOvQWP844AOwxM0I23qk6Wt5UDPwe5wMAbKgIcHbYvoFosHQvj\nmmZCPCokO/CwYLcdPYZU/vE9pvSr8646Sw4XLdzuzMWEiE8kwTnOe+3+CgrHHWF6\nE/3Mu3De9VsdsWuV4nMauaKk6JJIPcrTr0of/8RSJoWLdP7/e06JGQHkLOmvhNe/\ntiR15PUxcyNtSxdryzabCggCc7rlTXickNc3Q4+U4CYsfQxV9vobWCN7FRg0L/nf\nxbASXips/iXD6zP4hsL53DwYJbeNtwIDAQABAoICAAyBoKJLZvZez8Wbc7zTJvij\nbhhB49x8dTYV/o9wabnKD9W3EzOoRYUCXt+al9tk8HdTaQ5XfbWOHRQUC5NL4wet\ndaJp2/OTGX5Lqsfj5MUL3MVlP/9eOhwhnW96II01Y5R2WLLTrXNFmZORgn6VoIX9\nKJBZVzF2zeOr+ITxeQH0EuN7FE33FdpmXdRroD6rJazeR6aC88gBfJjJqD9yaRic\nJ46adDQkpVZu7uGm0Lz2s6fSs7D58G8szvzaNYYKM+GlWPrdcOciEpImYoN9HG4C\no1g9pXHSbOERFnVir+sM4b4bA4gwdbtCt0phsLOcsy06QJhwYCB/Lto+KTCrOXc0\nKx1mO9u9XmiKLN50Wh4nlhC7XNzVO74c7rLLgNwg42GAkZysha4m3vLII/5v0Kdo\neV3g+IResbNLnLUl9gD8W2Lt7TQtZnjYZEu4cbKfTEyWBBbycFGsbAqnYA9afSSC\n1vMSYtjLqR7PrLGjelvlpJaoNQKKkkKVaOGoWXzxCA5NP1/Gj98h2MinMg+G4sKm\ner7hxhrDhHYservUvcCzcj9JO7grnRuraE0PZNWv9Aufp9z/ZEA8xtY1xlGGWvju\nHJ2FZJvf6vZaqLZgTGKxfbJMRiAYsSdd+kYL8Nn3e2OgAFFI70Gc64DnIYkQNhM1\n80cK32/4U3XEZ4pgCvpJAoIBAQDRfhsBlT58gGSbKf0g0ITfq33XgySaF0tq0IOa\nwxayy8cAUQwESrozMrp+PdDPzmRP2IW8d8Mul4dT3L0eNIJTRSjMm9uLUcTSudCP\nFqzopEV65drN5tUYmspn7fsCBVG0tVAjea37p6zp6si1I09f4wtGbdeY5kU920Zh\nSN51tGO9xQzyWSblTEBMOgB7MuDCQm75hDnpzQzjwFjya5tr5Wm/UMJe/t49WWqA\nIrASudqwwuAJLzfLZ3uNRDP0DLJ3Y6N0BOzdKw9cN9OXQIfN5ClsuJn55jB0ncX6\nN8S3mbHQHxRDF3/jF/7YjqQb5EhMqHjR7k0752AysIr90G0JAoIBAQDmYd1aSXTH\nwqDHO8yiEm45EzqY+fLja8JizlS1ZLXSEazaq/inecaAuoD1CgjvtS+xuJEZPaDH\ndIqBIZkpjZH/fAGVd/VYNgoNqzTnvL2pRdIGQlz51BweZauePsOeGbF3N7r12PAJ\nfi0VrDKwg+CJhOq5ZCvwbDdIdjyMiFzRMF5FWSMl5+BcXFQh3/YAzoXL2UWq3JTJ\nnb12M8ZEFGUWQ5X0Y90m7EzAdJ4LggGTZ86L17HGUrSrCXRwNnnmg+eWK77E9SfW\nltmigOSjBVU7fI4cpVH0tMhtcDKP97KG7f5WtHL+mvMAeRMlky8XQDNaorb+3RmC\nLxA76eWvBZS/AoIBADdM5qwgTYJoEiazitJiuPCiQHHneH4EsC/eIx9zaEaCbGG1\nA0sOvuBM/9XbU4fHn8tECOmbY7ak4WBN4M5cZhq9IuwAKJA6YY6O5nMfNT2kP4MV\nshCwYohANDYDKEN8S/k784+pyzenJ4oIJDtMuuNA9/T7gfImtxiBDa8YoUDJAZtS\nrPw8dHwLCN4WYZIj+BjPmKPdN7x0GHb2i4RSy5BL2wJZuzWAagIf3HE+tuP6k7Qd\nfS5vfHcBNigwXNaLk4DYmIlD05L+jut1ATHoIvFCzXyZrmu9TAU8sMpAdnlQ5RNf\nYOXlCilUaD2aSc/jDwLNZjdkhJbPmSFIYShnIKECggEAOikguadrvPaMol+dZJkk\njHInS/Fl+TX+J/WQ+w5GvJbLvZTGvHkIvPzYi4QSB3oFZWeD8gxV56SrRrhVs2DT\nJ92FhNd47+EMnrDHNW23r+E5iWz9jfCXfLEMJ3IO7n3sCH3gTCqNRsg814jWbyuL\n5wvQOido1FRtjHSVCqFuVT1Rv04mim5EfOyuLLMepst8iZ77cIwpX9DbwNiHSC6h\n6oH7fGwtq6LiKYAHWj5i6XS+dx1n+vpsM/W6GI4YLjLEp2u5yH1fplQE83p4vhMd\nllv2gJLX4uA07TPy/9d3kYrJt9fsZAx4JnlqdQT4UXVawZnseuEUjIIXJhkBbDML\nfwKCAQEAzcZCMe2L2v9r1RJdXSkcW6bKz23lNM0e/6vVGpAtq3Mngc3asdI8hpuJ\nSoCYvDiiIj7dhHExSFDxKSpb+Va7uVRAmX391kWAEMqeh3nvX9bDiLZWBMOyxIAY\nqhWs6x5aX2f9B607XfUfGqulgZzO+hdA8iFuxhM2eSmHtDoSGTd/cQ9qbaTiv7wx\n0OXYN2eeZgqOqbXraPejzc/rLg+K9HxpGt06jpr0nBeEydXJmJV+hUO58DZTykKS\nFHUtbFA8MXc7JE1UT0VsZuZope+92GBIPwOh0LoXyrQU6tVrJjnOwUvDxT5OET6A\nFstByKtzOwkdw3LF7pHVJBhRICAFcw==\n-----END PRIVATE KEY-----\n",
            "public_key_fingerprint_md5": "cc:57:a5:7d:14:e6:00:f2:e6:ce:46:f4:7b:96:6d:93",
            "public_key_fingerprint_sha256": "SHA256:ajB743roUN2bTXjcK5bGU1StnUZtBMO12gTgrXyLkCc",
            "public_key_openssh": "ssh-rsa AAAAB3NzaC1yc2EAAAADAQABAAACAQC8h2IvZ3ITPezjIWDaCuGxD0PJeN4EMxgHBPR0abUNUybwXGJ/dCjw8tUZ6DziwHwk2rgd8gwiBlaDM6aTHthf5IT0Gt9u2ljwURadcBEDmYfF8PLgL6pnNUtZGIbsiQL3BAsFhyBps1LUshH3HZiEeKC5t0Azs0te4k3XEyn68NP1KdMh+EaDYlIwqlU5HIy8Ev3HkLnHIii0jfjwo/dYXu53tnEm8XRUsRV/b/3d/Z9Ip6yZyMpkeJrYlqYChBK3YSqsnXF5gaztXEgRLBH3hk6LcBFmAnSewBylTBEtxVbD8/dbH4cnGJ3f9zsqzZyoYDTrPdUf53c8kDvB9dIpNUm7BZcJT2ZRHVmqY46RkQ8OuvQb0u2gK7TpG2d18a8apH9fiZsljYKwmylh6DVdA/9IYGAOvQWP844AOwxM0I23qk6Wt5UDPwe5wMAbKgIcHbYvoFosHQvjmmZCPCokO/CwYLcdPYZU/vE9pvSr8646Sw4XLdzuzMWEiE8kwTnOe+3+CgrHHWF6E/3Mu3De9VsdsWuV4nMauaKk6JJIPcrTr0of/8RSJoWLdP7/e06JGQHkLOmvhNe/tiR15PUxcyNtSxdryzabCggCc7rlTXickNc3Q4+U4CYsfQxV9vobWCN7FRg0L/nfxbASXips/iXD6zP4hsL53DwYJbeNtw==\n",
            "public_key_pem": "-----BEGIN PUBLIC KEY-----\nMIICIjANBgkqhkiG9w0BAQEFAAOCAg8AMIICCgKCAgEAvIdiL2dyEz3s4yFg2grh\nsQ9DyXjeBDMYBwT0dGm1DVMm8Fxif3Qo8PLVGeg84sB8JNq4HfIMIgZWgzOmkx7Y\nX+SE9BrfbtpY8FEWnXARA5mHxfDy4C+qZzVLWRiG7IkC9wQLBYcgabNS1LIR9x2Y\nhHigubdAM7NLXuJN1xMp+vDT9SnTIfhGg2JSMKpVORyMvBL9x5C5xyIotI348KP3\nWF7ud7ZxJvF0VLEVf2/93f2fSKesmcjKZHia2JamAoQSt2EqrJ1xeYGs7VxIESwR\n94ZOi3ARZgJ0nsAcpUwRLcVWw/P3Wx+HJxid3/c7Ks2cqGA06z3VH+d3PJA7wfXS\nKTVJuwWXCU9mUR1ZqmOOkZEPDrr0G9LtoCu06RtndfGvGqR/X4mbJY2CsJspYeg1\nXQP/SGBgDr0Fj/OOADsMTNCNt6pOlreVAz8HucDAGyoCHB22L6BaLB0L45pmQjwq\nJDvwsGC3HT2GVP7xPab0q/OuOksOFy3c7szFhIhPJME5znvt/goKxx1hehP9zLtw\n3vVbHbFrleJzGrmipOiSSD3K069KH//EUiaFi3T+/3tOiRkB5Czpr4TXv7YkdeT1\nMXMjbUsXa8s2mwoIAnO65U14nJDXN0OPlOAmLH0MVfb6G1gjexUYNC/538WwEl4q\nbP4lw+sz+IbC+dw8GCW3jbcCAwEAAQ==\n-----END PUBLIC KEY-----\n",
            "rsa_bits": 4096
          },
          "sensitive_attributes": [
            [
              {
                "type": "get_attr",
                "value": "private_key_openssh"
              }
            ],
            [
              {
                "type": "get_attr",
                "value": "private_key_pem"
              }
            ],
            [
              {
                "type": "get_attr",
                "value": "private_key_pem_pkcs8"
              }
            ]
          ],
          "identity_schema_version": 0
        }
      ]
    }
  ],
  "check_results": null
}
